{
  "name": "OllamaTheatre",
  "lockfileVersion": 3,
  "requires": true,
  "packages": {
    "": {
      "dependencies": {
        "tauri-kargo-tools": "^0.3.8"
      }
    },
    "node_modules/tauri-kargo-tools": {
      "version": "0.3.8",
      "resolved": "https://registry.npmjs.org/tauri-kargo-tools/-/tauri-kargo-tools-0.3.8.tgz",
      "integrity": "sha512-kv9ez/TUDaU85Qos1zRx76o8ITivOE/Z89n/xZwaK5CclKBlLiNjtldnXAjU6fnZPy55uWJi/F2GlMTR44E0og==",
      "license": "ISC"
    }
  }
}
